
Microsoft Visual Studio Solution File, Format Version 12.00
# Visual Studio Version 16
VisualStudioVersion = 16.0.30517.126
MinimumVisualStudioVersion = 10.0.40219.1
Project("{FAE04EC0-301F-11D3-BF4B-00C04F79EFBC}") = "CakeMakeing", "CakeMakeing\CakeMakeing.csproj", "{18BDEF8F-A02E-476F-A311-9317BA67A43A}"
EndProject
Global
	GlobalSection(SolutionConfigurationPlatforms) = preSolution
		Debug|Any CPU = Debug|Any CPU
		Release|Any CPU = Release|Any CPU
	EndGlobalSection
	GlobalSection(ProjectConfigurationPlatforms) = postSolution
		{18BDEF8F-A02E-476F-A311-9317BA67A43A}.Debug|Any CPU.ActiveCfg = Debug|Any CPU
		{18BDEF8F-A02E-476F-A311-9317BA67A43A}.Debug|Any CPU.Build.0 = Debug|Any CPU
		{18BDEF8F-A02E-476F-A311-9317BA67A43A}.Release|Any CPU.ActiveCfg = Release|Any CPU
		{18BDEF8F-A02E-476F-A311-9317BA67A43A}.Release|Any CPU.Build.0 = Release|Any CPU
	EndGlobalSection
	GlobalSection(SolutionProperties) = preSolution
		HideSolutionNode = FALSE
	EndGlobalSection
	GlobalSection(ExtensibilityGlobals) = postSolution
		SolutionGuid = {5F6C76CA-B252-427A-BB3E-F4697B87FB0F}
	EndGlobalSection
EndGlobal
